
Microsoft Visual Studio Solution File, Format Version 12.00
# Visual Studio Version 17
VisualStudioVersion = 17.9.34728.123
MinimumVisualStudioVersion = 10.0.40219.1
Project("{FAE04EC0-301F-11D3-BF4B-00C04F79EFBC}") = "Renamer", "Renamer\Renamer.csproj", "{2FE75936-62E1-4F36-95D8-631DC9B2744D}"
EndProject
Global
	GlobalSection(SolutionConfigurationPlatforms) = preSolution
		Debug|Any CPU = Debug|Any CPU
		Release|Any CPU = Release|Any CPU
	EndGlobalSection
	GlobalSection(ProjectConfigurationPlatforms) = postSolution
		{2FE75936-62E1-4F36-95D8-631DC9B2744D}.Debug|Any CPU.ActiveCfg = Debug|Any CPU
		{2FE75936-62E1-4F36-95D8-631DC9B2744D}.Debug|Any CPU.Build.0 = Debug|Any CPU
		{2FE75936-62E1-4F36-95D8-631DC9B2744D}.Release|Any CPU.ActiveCfg = Release|Any CPU
		{2FE75936-62E1-4F36-95D8-631DC9B2744D}.Release|Any CPU.Build.0 = Release|Any CPU
	EndGlobalSection
	GlobalSection(SolutionProperties) = preSolution
		HideSolutionNode = FALSE
	EndGlobalSection
	GlobalSection(ExtensibilityGlobals) = postSolution
		SolutionGuid = {F7CE3E43-B705-4C7C-A7F0-4B3BE35E7ECF}
	EndGlobalSection
EndGlobal
